
Microsoft Visual Studio Solution File, Format Version 12.00
# Visual Studio Version 16
VisualStudioVersion = 16.0.29709.97
MinimumVisualStudioVersion = 10.0.40219.1
Project("{FAE04EC0-301F-11D3-BF4B-00C04F79EFBC}") = "MovieManagement.Server", "MovieManagement\Server\MovieManagement.Server.csproj", "{DC5431D4-6706-4F71-B543-7E4A886A29FA}"
EndProject
Project("{FAE04EC0-301F-11D3-BF4B-00C04F79EFBC}") = "MovieManagement.Client", "MovieManagement\Client\MovieManagement.Client.csproj", "{97108733-7304-4CBC-B6B5-7D862FC722F7}"
EndProject
Project("{FAE04EC0-301F-11D3-BF4B-00C04F79EFBC}") = "MovieManagement.Shared", "MovieManagement\Shared\MovieManagement.Shared.csproj", "{5FC133FF-C858-458E-A762-5F21DA73726F}"
EndProject
Global
	GlobalSection(SolutionConfigurationPlatforms) = preSolution
		Debug|Any CPU = Debug|Any CPU
		Release|Any CPU = Release|Any CPU
	EndGlobalSection
	GlobalSection(ProjectConfigurationPlatforms) = postSolution
		{DC5431D4-6706-4F71-B543-7E4A886A29FA}.Debug|Any CPU.ActiveCfg = Debug|Any CPU
		{DC5431D4-6706-4F71-B543-7E4A886A29FA}.Debug|Any CPU.Build.0 = Debug|Any CPU
		{DC5431D4-6706-4F71-B543-7E4A886A29FA}.Release|Any CPU.ActiveCfg = Release|Any CPU
		{DC5431D4-6706-4F71-B543-7E4A886A29FA}.Release|Any CPU.Build.0 = Release|Any CPU
		{97108733-7304-4CBC-B6B5-7D862FC722F7}.Debug|Any CPU.ActiveCfg = Debug|Any CPU
		{97108733-7304-4CBC-B6B5-7D862FC722F7}.Debug|Any CPU.Build.0 = Debug|Any CPU
		{97108733-7304-4CBC-B6B5-7D862FC722F7}.Release|Any CPU.ActiveCfg = Release|Any CPU
		{97108733-7304-4CBC-B6B5-7D862FC722F7}.Release|Any CPU.Build.0 = Release|Any CPU
		{5FC133FF-C858-458E-A762-5F21DA73726F}.Debug|Any CPU.ActiveCfg = Debug|Any CPU
		{5FC133FF-C858-458E-A762-5F21DA73726F}.Debug|Any CPU.Build.0 = Debug|Any CPU
		{5FC133FF-C858-458E-A762-5F21DA73726F}.Release|Any CPU.ActiveCfg = Release|Any CPU
		{5FC133FF-C858-458E-A762-5F21DA73726F}.Release|Any CPU.Build.0 = Release|Any CPU
	EndGlobalSection
	GlobalSection(SolutionProperties) = preSolution
		HideSolutionNode = FALSE
	EndGlobalSection
	GlobalSection(ExtensibilityGlobals) = postSolution
		SolutionGuid = {41B98C59-EE8B-4763-ACAE-EE52BD3C99EC}
	EndGlobalSection
EndGlobal
